
Microsoft Visual Studio Solution File, Format Version 12.00
# Visual Studio Version 17
VisualStudioVersion = 17.4.33213.308
MinimumVisualStudioVersion = 10.0.40219.1
Project("{FAE04EC0-301F-11D3-BF4B-00C04F79EFBC}") = "ConexionGestionPedidos2", "ConexionGestionPedidos2\ConexionGestionPedidos2.csproj", "{5F914EF0-9380-4B7D-8614-312E6BF58D53}"
EndProject
Global
	GlobalSection(SolutionConfigurationPlatforms) = preSolution
		Debug|Any CPU = Debug|Any CPU
		Release|Any CPU = Release|Any CPU
	EndGlobalSection
	GlobalSection(ProjectConfigurationPlatforms) = postSolution
		{5F914EF0-9380-4B7D-8614-312E6BF58D53}.Debug|Any CPU.ActiveCfg = Debug|Any CPU
		{5F914EF0-9380-4B7D-8614-312E6BF58D53}.Debug|Any CPU.Build.0 = Debug|Any CPU
		{5F914EF0-9380-4B7D-8614-312E6BF58D53}.Release|Any CPU.ActiveCfg = Release|Any CPU
		{5F914EF0-9380-4B7D-8614-312E6BF58D53}.Release|Any CPU.Build.0 = Release|Any CPU
	EndGlobalSection
	GlobalSection(SolutionProperties) = preSolution
		HideSolutionNode = FALSE
	EndGlobalSection
	GlobalSection(ExtensibilityGlobals) = postSolution
		SolutionGuid = {27B0438A-DED5-4163-94AE-2F8F4D0F75AD}
	EndGlobalSection
EndGlobal
